{
  "nodes": {
    "my-nix-overlay": {
      "inputs": {
        "nixpkgs": [
          "nixpkgs"
        ]
      },
      "locked": {
        "lastModified": 1678225938,
        "narHash": "sha256-//MurUXCZ9NQCkjSeI9nWO1yoi3TdzuJoM527UcteLU=",
        "owner": "hcssmith",
        "repo": "my-nix-overlay",
        "rev": "ceb9455286f9a633b896ddd808ef1e57373baabb",
        "type": "github"
      },
      "original": {
        "owner": "hcssmith",
        "repo": "my-nix-overlay",
        "type": "github"
      }
    },
    "nixpkgs": {
      "locked": {
        "lastModified": 1678224089,
        "narHash": "sha256-kyy1Bpua0/vyj6ixbfVZtp0NaIxQgtkgDCFVFkVB8zw=",
        "owner": "nixos",
        "repo": "nixpkgs",
        "rev": "6a581de7d8bd198627fc954217b9dee20fa9aac5",
        "type": "github"
      },
      "original": {
        "owner": "nixos",
        "repo": "nixpkgs",
        "type": "github"
      }
    },
    "root": {
      "inputs": {
        "my-nix-overlay": "my-nix-overlay",
        "nixpkgs": "nixpkgs"
      }
    }
  },
  "root": "root",
  "version": 7
}
